// !$*UTF8*$!
{
	archiveVersion = 1;
	classes = {
	};
	objectVersion = 55;
	objects = {

/* Begin PBXBuildFile section */
		6E03911C2958A21100DB1EDF /* TitleTableViewCell.swift in Sources */ = {isa = PBXBuildFile; fileRef = 6E03911B2958A21100DB1EDF /* TitleTableViewCell.swift */; };
		6E03911E2958A73700DB1EDF /* TitleViewModel.swift in Sources */ = {isa = PBXBuildFile; fileRef = 6E03911D2958A73700DB1EDF /* TitleViewModel.swift */; };
		6E0F888B295B70E400B2E410 /* SearchResultsViewController.swift in Sources */ = {isa = PBXBuildFile; fileRef = 6E0F888A295B70E300B2E410 /* SearchResultsViewController.swift */; };
		6E69A0AB29437AB70093649F /* AppDelegate.swift in Sources */ = {isa = PBXBuildFile; fileRef = 6E69A0AA29437AB70093649F /* AppDelegate.swift */; };
		6E69A0AD29437AB70093649F /* SceneDelegate.swift in Sources */ = {isa = PBXBuildFile; fileRef = 6E69A0AC29437AB70093649F /* SceneDelegate.swift */; };
		6E69A0AF29437AB70093649F /* MainTabBarViewController.swift in Sources */ = {isa = PBXBuildFile; fileRef = 6E69A0AE29437AB70093649F /* MainTabBarViewController.swift */; };
		6E69A0B429437AB90093649F /* Assets.xcassets in Resources */ = {isa = PBXBuildFile; fileRef = 6E69A0B329437AB90093649F /* Assets.xcassets */; };
		6E69A0B729437AB90093649F /* LaunchScreen.storyboard in Resources */ = {isa = PBXBuildFile; fileRef = 6E69A0B529437AB90093649F /* LaunchScreen.storyboard */; };
		6E69A0C02944F4920093649F /* HomeViewController.swift in Sources */ = {isa = PBXBuildFile; fileRef = 6E69A0BF2944F4920093649F /* HomeViewController.swift */; };
		6E69A0C22944F56D0093649F /* UpcomingViewController.swift in Sources */ = {isa = PBXBuildFile; fileRef = 6E69A0C12944F56D0093649F /* UpcomingViewController.swift */; };
		6E69A0C42944F5950093649F /* SearchViewController.swift in Sources */ = {isa = PBXBuildFile; fileRef = 6E69A0C32944F5950093649F /* SearchViewController.swift */; };
		6E69A0C62944F5C20093649F /* DownloadsViewController.swift in Sources */ = {isa = PBXBuildFile; fileRef = 6E69A0C52944F5C20093649F /* DownloadsViewController.swift */; };
		6E7E234C294744750058CD93 /* CollectionViewTableViewCell.swift in Sources */ = {isa = PBXBuildFile; fileRef = 6E7E234B294744750058CD93 /* CollectionViewTableViewCell.swift */; };
		6E7E234E29476E450058CD93 /* HeroHeaderUIView.swift in Sources */ = {isa = PBXBuildFile; fileRef = 6E7E234D29476E450058CD93 /* HeroHeaderUIView.swift */; };
		6EC88AF1294B89AE0047B8AD /* APICaller.swift in Sources */ = {isa = PBXBuildFile; fileRef = 6EC88AF0294B89AE0047B8AD /* APICaller.swift */; };
		6EC88AF3294BA5040047B8AD /* Title.swift in Sources */ = {isa = PBXBuildFile; fileRef = 6EC88AF2294BA5040047B8AD /* Title.swift */; };
		6ED34F7F294CC52C0014A77E /* Extensions.swift in Sources */ = {isa = PBXBuildFile; fileRef = 6ED34F7E294CC52C0014A77E /* Extensions.swift */; };
		6ED34F83294F52960014A77E /* TitleCollectionViewCell.swift in Sources */ = {isa = PBXBuildFile; fileRef = 6ED34F82294F52960014A77E /* TitleCollectionViewCell.swift */; };
		6ED34F86294F64E70014A77E /* SDWebImage in Frameworks */ = {isa = PBXBuildFile; productRef = 6ED34F85294F64E70014A77E /* SDWebImage */; };
		6ED34F88294F64E70014A77E /* SDWebImageMapKit in Frameworks */ = {isa = PBXBuildFile; productRef = 6ED34F87294F64E70014A77E /* SDWebImageMapKit */; };
/* End PBXBuildFile section */

/* Begin PBXFileReference section */
		6E03911B2958A21100DB1EDF /* TitleTableViewCell.swift */ = {isa = PBXFileReference; lastKnownFileType = sourcecode.swift; path = TitleTableViewCell.swift; sourceTree = "<group>"; };
		6E03911D2958A73700DB1EDF /* TitleViewModel.swift */ = {isa = PBXFileReference; lastKnownFileType = sourcecode.swift; path = TitleViewModel.swift; sourceTree = "<group>"; };
		6E0F888A295B70E300B2E410 /* SearchResultsViewController.swift */ = {isa = PBXFileReference; lastKnownFileType = sourcecode.swift; path = SearchResultsViewController.swift; sourceTree = "<group>"; };
		6E69A0A729437AB70093649F /* MoviePL.app */ = {isa = PBXFileReference; explicitFileType = wrapper.application; includeInIndex = 0; path = MoviePL.app; sourceTree = BUILT_PRODUCTS_DIR; };
		6E69A0AA29437AB70093649F /* AppDelegate.swift */ = {isa = PBXFileReference; lastKnownFileType = sourcecode.swift; path = AppDelegate.swift; sourceTree = "<group>"; };
		6E69A0AC29437AB70093649F /* SceneDelegate.swift */ = {isa = PBXFileReference; lastKnownFileType = sourcecode.swift; path = SceneDelegate.swift; sourceTree = "<group>"; };
		6E69A0AE29437AB70093649F /* MainTabBarViewController.swift */ = {isa = PBXFileReference; lastKnownFileType = sourcecode.swift; path = MainTabBarViewController.swift; sourceTree = "<group>"; };
		6E69A0B329437AB90093649F /* Assets.xcassets */ = {isa = PBXFileReference; lastKnownFileType = folder.assetcatalog; path = Assets.xcassets; sourceTree = "<group>"; };
		6E69A0B629437AB90093649F /* Base */ = {isa = PBXFileReference; lastKnownFileType = file.storyboard; name = Base; path = Base.lproj/LaunchScreen.storyboard; sourceTree = "<group>"; };
		6E69A0B829437AB90093649F /* Info.plist */ = {isa = PBXFileReference; lastKnownFileType = text.plist.xml; path = Info.plist; sourceTree = "<group>"; };
		6E69A0BF2944F4920093649F /* HomeViewController.swift */ = {isa = PBXFileReference; lastKnownFileType = sourcecode.swift; path = HomeViewController.swift; sourceTree = "<group>"; };
		6E69A0C12944F56D0093649F /* UpcomingViewController.swift */ = {isa = PBXFileReference; lastKnownFileType = sourcecode.swift; path = UpcomingViewController.swift; sourceTree = "<group>"; };
		6E69A0C32944F5950093649F /* SearchViewController.swift */ = {isa = PBXFileReference; lastKnownFileType = sourcecode.swift; path = SearchViewController.swift; sourceTree = "<group>"; };
		6E69A0C52944F5C20093649F /* DownloadsViewController.swift */ = {isa = PBXFileReference; lastKnownFileType = sourcecode.swift; path = DownloadsViewController.swift; sourceTree = "<group>"; };
		6E7E234B294744750058CD93 /* CollectionViewTableViewCell.swift */ = {isa = PBXFileReference; lastKnownFileType = sourcecode.swift; path = CollectionViewTableViewCell.swift; sourceTree = "<group>"; };
		6E7E234D29476E450058CD93 /* HeroHeaderUIView.swift */ = {isa = PBXFileReference; lastKnownFileType = sourcecode.swift; path = HeroHeaderUIView.swift; sourceTree = "<group>"; };
		6EC88AF0294B89AE0047B8AD /* APICaller.swift */ = {isa = PBXFileReference; lastKnownFileType = sourcecode.swift; path = APICaller.swift; sourceTree = "<group>"; };
		6EC88AF2294BA5040047B8AD /* Title.swift */ = {isa = PBXFileReference; lastKnownFileType = sourcecode.swift; path = Title.swift; sourceTree = "<group>"; };
		6ED34F7E294CC52C0014A77E /* Extensions.swift */ = {isa = PBXFileReference; lastKnownFileType = sourcecode.swift; path = Extensions.swift; sourceTree = "<group>"; };
		6ED34F82294F52960014A77E /* TitleCollectionViewCell.swift */ = {isa = PBXFileReference; lastKnownFileType = sourcecode.swift; path = TitleCollectionViewCell.swift; sourceTree = "<group>"; };
/* End PBXFileReference section */

/* Begin PBXFrameworksBuildPhase section */
		6E69A0A429437AB70093649F /* Frameworks */ = {
			isa = PBXFrameworksBuildPhase;
			buildActionMask = 2147483647;
			files = (
				6ED34F88294F64E70014A77E /* SDWebImageMapKit in Frameworks */,
				6ED34F86294F64E70014A77E /* SDWebImage in Frameworks */,
			);
			runOnlyForDeploymentPostprocessing = 0;
		};
/* End PBXFrameworksBuildPhase section */

/* Begin PBXGroup section */
		6E199522294632C5000F436D /* Models */ = {
			isa = PBXGroup;
			children = (
				6EC88AF2294BA5040047B8AD /* Title.swift */,
			);
			path = Models;
			sourceTree = "<group>";
		};
		6E199523294632D6000F436D /* Views */ = {
			isa = PBXGroup;
			children = (
				6E7E234B294744750058CD93 /* CollectionViewTableViewCell.swift */,
				6E7E234D29476E450058CD93 /* HeroHeaderUIView.swift */,
				6ED34F82294F52960014A77E /* TitleCollectionViewCell.swift */,
				6E03911B2958A21100DB1EDF /* TitleTableViewCell.swift */,
			);
			path = Views;
			sourceTree = "<group>";
		};
		6E199524294632E6000F436D /* ViewModels */ = {
			isa = PBXGroup;
			children = (
				6E03911D2958A73700DB1EDF /* TitleViewModel.swift */,
			);
			path = ViewModels;
			sourceTree = "<group>";
		};
		6E69A09E29437AB70093649F = {
			isa = PBXGroup;
			children = (
				6E69A0A929437AB70093649F /* MoviePL */,
				6E69A0A829437AB70093649F /* Products */,
			);
			sourceTree = "<group>";
		};
		6E69A0A829437AB70093649F /* Products */ = {
			isa = PBXGroup;
			children = (
				6E69A0A729437AB70093649F /* MoviePL.app */,
			);
			name = Products;
			sourceTree = "<group>";
		};
		6E69A0A929437AB70093649F /* MoviePL */ = {
			isa = PBXGroup;
			children = (
				6E7E234A294743F90058CD93 /* Managers */,
				6E7E2349294743DB0058CD93 /* Resources */,
				6E199522294632C5000F436D /* Models */,
				6E199523294632D6000F436D /* Views */,
				6E199524294632E6000F436D /* ViewModels */,
				6E69A0BE2944F4740093649F /* Controllers */,
				6E69A0AA29437AB70093649F /* AppDelegate.swift */,
				6E69A0AC29437AB70093649F /* SceneDelegate.swift */,
				6E69A0AE29437AB70093649F /* MainTabBarViewController.swift */,
				6E69A0B329437AB90093649F /* Assets.xcassets */,
				6E69A0B529437AB90093649F /* LaunchScreen.storyboard */,
				6E69A0B829437AB90093649F /* Info.plist */,
			);
			path = MoviePL;
			sourceTree = "<group>";
		};
		6E69A0BE2944F4740093649F /* Controllers */ = {
			isa = PBXGroup;
			children = (
				6E904118295E06D400AF0C92 /* Core */,
				6E69A0BF2944F4920093649F /* HomeViewController.swift */,
				6E69A0C12944F56D0093649F /* UpcomingViewController.swift */,
				6E69A0C32944F5950093649F /* SearchViewController.swift */,
				6E69A0C52944F5C20093649F /* DownloadsViewController.swift */,
				6E0F888A295B70E300B2E410 /* SearchResultsViewController.swift */,
			);
			path = Controllers;
			sourceTree = "<group>";
		};
		6E7E2349294743DB0058CD93 /* Resources */ = {
			isa = PBXGroup;
			children = (
				6ED34F7E294CC52C0014A77E /* Extensions.swift */,
			);
			path = Resources;
			sourceTree = "<group>";
		};
		6E7E234A294743F90058CD93 /* Managers */ = {
			isa = PBXGroup;
			children = (
				6EC88AF0294B89AE0047B8AD /* APICaller.swift */,
			);
			path = Managers;
			sourceTree = "<group>";
		};
		6E904118295E06D400AF0C92 /* Core */ = {
			isa = PBXGroup;
			children = (
			);
			path = Core;
			sourceTree = "<group>";
		};
/* End PBXGroup section */

/* Begin PBXNativeTarget section */
		6E69A0A629437AB70093649F /* MoviePL */ = {
			isa = PBXNativeTarget;
			buildConfigurationList = 6E69A0BB29437AB90093649F /* Build configuration list for PBXNativeTarget "MoviePL" */;
			buildPhases = (
				6E69A0A329437AB70093649F /* Sources */,
				6E69A0A429437AB70093649F /* Frameworks */,
				6E69A0A529437AB70093649F /* Resources */,
			);
			buildRules = (
			);
			dependencies = (
			);
			name = MoviePL;
			packageProductDependencies = (
				6ED34F85294F64E70014A77E /* SDWebImage */,
				6ED34F87294F64E70014A77E /* SDWebImageMapKit */,
			);
			productName = MoviePL;
			productReference = 6E69A0A729437AB70093649F /* MoviePL.app */;
			productType = "com.apple.product-type.application";
		};
/* End PBXNativeTarget section */

/* Begin PBXProject section */
		6E69A09F29437AB70093649F /* Project object */ = {
			isa = PBXProject;
			attributes = {
				BuildIndependentTargetsInParallel = 1;
				LastSwiftUpdateCheck = 1320;
				LastUpgradeCheck = 1320;
				TargetAttributes = {
					6E69A0A629437AB70093649F = {
						CreatedOnToolsVersion = 13.2.1;
					};
				};
			};
			buildConfigurationList = 6E69A0A229437AB70093649F /* Build configuration list for PBXProject "MoviePL" */;
			compatibilityVersion = "Xcode 13.0";
			developmentRegion = en;
			hasScannedForEncodings = 0;
			knownRegions = (
				en,
				Base,
			);
			mainGroup = 6E69A09E29437AB70093649F;
			packageReferences = (
				6ED34F84294F64E70014A77E /* XCRemoteSwiftPackageReference "SDWebImage" */,
			);
			productRefGroup = 6E69A0A829437AB70093649F /* Products */;
			projectDirPath = "";
			projectRoot = "";
			targets = (
				6E69A0A629437AB70093649F /* MoviePL */,
			);
		};
/* End PBXProject section */

/* Begin PBXResourcesBuildPhase section */
		6E69A0A529437AB70093649F /* Resources */ = {
			isa = PBXResourcesBuildPhase;
			buildActionMask = 2147483647;
			files = (
				6E69A0B729437AB90093649F /* LaunchScreen.storyboard in Resources */,
				6E69A0B429437AB90093649F /* Assets.xcassets in Resources */,
			);
			runOnlyForDeploymentPostprocessing = 0;
		};
/* End PBXResourcesBuildPhase section */

/* Begin PBXSourcesBuildPhase section */
		6E69A0A329437AB70093649F /* Sources */ = {
			isa = PBXSourcesBuildPhase;
			buildActionMask = 2147483647;
			files = (
				6E03911C2958A21100DB1EDF /* TitleTableViewCell.swift in Sources */,
				6E69A0C42944F5950093649F /* SearchViewController.swift in Sources */,
				6ED34F83294F52960014A77E /* TitleCollectionViewCell.swift in Sources */,
				6E69A0AF29437AB70093649F /* MainTabBarViewController.swift in Sources */,
				6E7E234C294744750058CD93 /* CollectionViewTableViewCell.swift in Sources */,
				6EC88AF1294B89AE0047B8AD /* APICaller.swift in Sources */,
				6E7E234E29476E450058CD93 /* HeroHeaderUIView.swift in Sources */,
				6E69A0C62944F5C20093649F /* DownloadsViewController.swift in Sources */,
				6E69A0AB29437AB70093649F /* AppDelegate.swift in Sources */,
				6E0F888B295B70E400B2E410 /* SearchResultsViewController.swift in Sources */,
				6ED34F7F294CC52C0014A77E /* Extensions.swift in Sources */,
				6E69A0AD29437AB70093649F /* SceneDelegate.swift in Sources */,
				6E69A0C22944F56D0093649F /* UpcomingViewController.swift in Sources */,
				6EC88AF3294BA5040047B8AD /* Title.swift in Sources */,
				6E69A0C02944F4920093649F /* HomeViewController.swift in Sources */,
				6E03911E2958A73700DB1EDF /* TitleViewModel.swift in Sources */,
			);
			runOnlyForDeploymentPostprocessing = 0;
		};
/* End PBXSourcesBuildPhase section */

/* Begin PBXVariantGroup section */
		6E69A0B529437AB90093649F /* LaunchScreen.storyboard */ = {
			isa = PBXVariantGroup;
			children = (
				6E69A0B629437AB90093649F /* Base */,
			);
			name = LaunchScreen.storyboard;
			sourceTree = "<group>";
		};
/* End PBXVariantGroup section */

/* Begin XCBuildConfiguration section */
		6E69A0B929437AB90093649F /* Debug */ = {
			isa = XCBuildConfiguration;
			buildSettings = {
				ALWAYS_SEARCH_USER_PATHS = NO;
				CLANG_ANALYZER_NONNULL = YES;
				CLANG_ANALYZER_NUMBER_OBJECT_CONVERSION = YES_AGGRESSIVE;
				CLANG_CXX_LANGUAGE_STANDARD = "gnu++17";
				CLANG_CXX_LIBRARY = "libc++";
				CLANG_ENABLE_MODULES = YES;
				CLANG_ENABLE_OBJC_ARC = YES;
				CLANG_ENABLE_OBJC_WEAK = YES;
				CLANG_WARN_BLOCK_CAPTURE_AUTORELEASING = YES;
				CLANG_WARN_BOOL_CONVERSION = YES;
				CLANG_WARN_COMMA = YES;
				CLANG_WARN_CONSTANT_CONVERSION = YES;
				CLANG_WARN_DEPRECATED_OBJC_IMPLEMENTATIONS = YES;
				CLANG_WARN_DIRECT_OBJC_ISA_USAGE = YES_ERROR;
				CLANG_WARN_DOCUMENTATION_COMMENTS = YES;
				CLANG_WARN_EMPTY_BODY = YES;
				CLANG_WARN_ENUM_CONVERSION = YES;
				CLANG_WARN_INFINITE_RECURSION = YES;
				CLANG_WARN_INT_CONVERSION = YES;
				CLANG_WARN_NON_LITERAL_NULL_CONVERSION = YES;
				CLANG_WARN_OBJC_IMPLICIT_RETAIN_SELF = YES;
				CLANG_WARN_OBJC_LITERAL_CONVERSION = YES;
				CLANG_WARN_OBJC_ROOT_CLASS = YES_ERROR;
				CLANG_WARN_QUOTED_INCLUDE_IN_FRAMEWORK_HEADER = YES;
				CLANG_WARN_RANGE_LOOP_ANALYSIS = YES;
				CLANG_WARN_STRICT_PROTOTYPES = YES;
				CLANG_WARN_SUSPICIOUS_MOVE = YES;
				CLANG_WARN_UNGUARDED_AVAILABILITY = YES_AGGRESSIVE;
				CLANG_WARN_UNREACHABLE_CODE = YES;
				CLANG_WARN__DUPLICATE_METHOD_MATCH = YES;
				COPY_PHASE_STRIP = NO;
				DEBUG_INFORMATION_FORMAT = dwarf;
				ENABLE_STRICT_OBJC_MSGSEND = YES;
				ENABLE_TESTABILITY = YES;
				GCC_C_LANGUAGE_STANDARD = gnu11;
				GCC_DYNAMIC_NO_PIC = NO;
				GCC_NO_COMMON_BLOCKS = YES;
				GCC_OPTIMIZATION_LEVEL = 0;
				GCC_PREPROCESSOR_DEFINITIONS = (
					"DEBUG=1",
					"$(inherited)",
				);
				GCC_WARN_64_TO_32_BIT_CONVERSION = YES;
				GCC_WARN_ABOUT_RETURN_TYPE = YES_ERROR;
				GCC_WARN_UNDECLARED_SELECTOR = YES;
				GCC_WARN_UNINITIALIZED_AUTOS = YES_AGGRESSIVE;
				GCC_WARN_UNUSED_FUNCTION = YES;
				GCC_WARN_UNUSED_VARIABLE = YES;
				IPHONEOS_DEPLOYMENT_TARGET = 15.2;
				MTL_ENABLE_DEBUG_INFO = INCLUDE_SOURCE;
				MTL_FAST_MATH = YES;
				ONLY_ACTIVE_ARCH = YES;
				SDKROOT = iphoneos;
				SWIFT_ACTIVE_COMPILATION_CONDITIONS = DEBUG;
				SWIFT_OPTIMIZATION_LEVEL = "-Onone";
			};
			name = Debug;
		};
		6E69A0BA29437AB90093649F /* Release */ = {
			isa = XCBuildConfiguration;
			buildSettings = {
				ALWAYS_SEARCH_USER_PATHS = NO;
				CLANG_ANALYZER_NONNULL = YES;
				CLANG_ANALYZER_NUMBER_OBJECT_CONVERSION = YES_AGGRESSIVE;
				CLANG_CXX_LANGUAGE_STANDARD = "gnu++17";
				CLANG_CXX_LIBRARY = "libc++";
				CLANG_ENABLE_MODULES = YES;
				CLANG_ENABLE_OBJC_ARC = YES;
				CLANG_ENABLE_OBJC_WEAK = YES;
				CLANG_WARN_BLOCK_CAPTURE_AUTORELEASING = YES;
				CLANG_WARN_BOOL_CONVERSION = YES;
				CLANG_WARN_COMMA = YES;
				CLANG_WARN_CONSTANT_CONVERSION = YES;
				CLANG_WARN_DEPRECATED_OBJC_IMPLEMENTATIONS = YES;
				CLANG_WARN_DIRECT_OBJC_ISA_USAGE = YES_ERROR;
				CLANG_WARN_DOCUMENTATION_COMMENTS = YES;
				CLANG_WARN_EMPTY_BODY = YES;
				CLANG_WARN_ENUM_CONVERSION = YES;
				CLANG_WARN_INFINITE_RECURSION = YES;
				CLANG_WARN_INT_CONVERSION = YES;
				CLANG_WARN_NON_LITERAL_NULL_CONVERSION = YES;
				CLANG_WARN_OBJC_IMPLICIT_RETAIN_SELF = YES;
				CLANG_WARN_OBJC_LITERAL_CONVERSION = YES;
				CLANG_WARN_OBJC_ROOT_CLASS = YES_ERROR;
				CLANG_WARN_QUOTED_INCLUDE_IN_FRAMEWORK_HEADER = YES;
				CLANG_WARN_RANGE_LOOP_ANALYSIS = YES;
				CLANG_WARN_STRICT_PROTOTYPES = YES;
				CLANG_WARN_SUSPICIOUS_MOVE = YES;
				CLANG_WARN_UNGUARDED_AVAILABILITY = YES_AGGRESSIVE;
				CLANG_WARN_UNREACHABLE_CODE = YES;
				CLANG_WARN__DUPLICATE_METHOD_MATCH = YES;
				COPY_PHASE_STRIP = NO;
				DEBUG_INFORMATION_FORMAT = "dwarf-with-dsym";
				ENABLE_NS_ASSERTIONS = NO;
				ENABLE_STRICT_OBJC_MSGSEND = YES;
				GCC_C_LANGUAGE_STANDARD = gnu11;
				GCC_NO_COMMON_BLOCKS = YES;
				GCC_WARN_64_TO_32_BIT_CONVERSION = YES;
				GCC_WARN_ABOUT_RETURN_TYPE = YES_ERROR;
				GCC_WARN_UNDECLARED_SELECTOR = YES;
				GCC_WARN_UNINITIALIZED_AUTOS = YES_AGGRESSIVE;
				GCC_WARN_UNUSED_FUNCTION = YES;
				GCC_WARN_UNUSED_VARIABLE = YES;
				IPHONEOS_DEPLOYMENT_TARGET = 15.2;
				MTL_ENABLE_DEBUG_INFO = NO;
				MTL_FAST_MATH = YES;
				SDKROOT = iphoneos;
				SWIFT_COMPILATION_MODE = wholemodule;
				SWIFT_OPTIMIZATION_LEVEL = "-O";
				VALIDATE_PRODUCT = YES;
			};
			name = Release;
		};
		6E69A0BC29437AB90093649F /* Debug */ = {
			isa = XCBuildConfiguration;
			buildSettings = {
				ASSETCATALOG_COMPILER_APPICON_NAME = AppIcon;
				ASSETCATALOG_COMPILER_GLOBAL_ACCENT_COLOR_NAME = AccentColor;
				CODE_SIGN_STYLE = Automatic;
				CURRENT_PROJECT_VERSION = 1;
				DEVELOPMENT_TEAM = 38NM7VX6QJ;
				GENERATE_INFOPLIST_FILE = YES;
				INFOPLIST_FILE = MoviePL/Info.plist;
				INFOPLIST_KEY_UIApplicationSupportsIndirectInputEvents = YES;
				INFOPLIST_KEY_UILaunchStoryboardName = LaunchScreen;
				INFOPLIST_KEY_UISupportedInterfaceOrientations_iPad = "UIInterfaceOrientationPortrait UIInterfaceOrientationPortraitUpsideDown UIInterfaceOrientationLandscapeLeft UIInterfaceOrientationLandscapeRight";
				INFOPLIST_KEY_UISupportedInterfaceOrientations_iPhone = "UIInterfaceOrientationPortrait UIInterfaceOrientationLandscapeLeft UIInterfaceOrientationLandscapeRight";
				LD_RUNPATH_SEARCH_PATHS = (
					"$(inherited)",
					"@executable_path/Frameworks",
				);
				MARKETING_VERSION = 1.0;
				PRODUCT_BUNDLE_IDENTIFIER = com.gii.MoviePL;
				PRODUCT_NAME = "$(TARGET_NAME)";
				SWIFT_EMIT_LOC_STRINGS = YES;
				SWIFT_VERSION = 5.0;
				TARGETED_DEVICE_FAMILY = "1,2";
			};
			name = Debug;
		};
		6E69A0BD29437AB90093649F /* Release */ = {
			isa = XCBuildConfiguration;
			buildSettings = {
				ASSETCATALOG_COMPILER_APPICON_NAME = AppIcon;
				ASSETCATALOG_COMPILER_GLOBAL_ACCENT_COLOR_NAME = AccentColor;
				CODE_SIGN_STYLE = Automatic;
				CURRENT_PROJECT_VERSION = 1;
				DEVELOPMENT_TEAM = 38NM7VX6QJ;
				GENERATE_INFOPLIST_FILE = YES;
				INFOPLIST_FILE = MoviePL/Info.plist;
				INFOPLIST_KEY_UIApplicationSupportsIndirectInputEvents = YES;
				INFOPLIST_KEY_UILaunchStoryboardName = LaunchScreen;
				INFOPLIST_KEY_UISupportedInterfaceOrientations_iPad = "UIInterfaceOrientationPortrait UIInterfaceOrientationPortraitUpsideDown UIInterfaceOrientationLandscapeLeft UIInterfaceOrientationLandscapeRight";
				INFOPLIST_KEY_UISupportedInterfaceOrientations_iPhone = "UIInterfaceOrientationPortrait UIInterfaceOrientationLandscapeLeft UIInterfaceOrientationLandscapeRight";
				LD_RUNPATH_SEARCH_PATHS = (
					"$(inherited)",
					"@executable_path/Frameworks",
				);
				MARKETING_VERSION = 1.0;
				PRODUCT_BUNDLE_IDENTIFIER = com.gii.MoviePL;
				PRODUCT_NAME = "$(TARGET_NAME)";
				SWIFT_EMIT_LOC_STRINGS = YES;
				SWIFT_VERSION = 5.0;
				TARGETED_DEVICE_FAMILY = "1,2";
			};
			name = Release;
		};
/* End XCBuildConfiguration section */

/* Begin XCConfigurationList section */
		6E69A0A229437AB70093649F /* Build configuration list for PBXProject "MoviePL" */ = {
			isa = XCConfigurationList;
			buildConfigurations = (
				6E69A0B929437AB90093649F /* Debug */,
				6E69A0BA29437AB90093649F /* Release */,
			);
			defaultConfigurationIsVisible = 0;
			defaultConfigurationName = Release;
		};
		6E69A0BB29437AB90093649F /* Build configuration list for PBXNativeTarget "MoviePL" */ = {
			isa = XCConfigurationList;
			buildConfigurations = (
				6E69A0BC29437AB90093649F /* Debug */,
				6E69A0BD29437AB90093649F /* Release */,
			);
			defaultConfigurationIsVisible = 0;
			defaultConfigurationName = Release;
		};
/* End XCConfigurationList section */

/* Begin XCRemoteSwiftPackageReference section */
		6ED34F84294F64E70014A77E /* XCRemoteSwiftPackageReference "SDWebImage" */ = {
			isa = XCRemoteSwiftPackageReference;
			repositoryURL = "https://github.com/SDWebImage/SDWebImage.git";
			requirement = {
				kind = upToNextMajorVersion;
				minimumVersion = 5.0.0;
			};
		};
/* End XCRemoteSwiftPackageReference section */

/* Begin XCSwiftPackageProductDependency section */
		6ED34F85294F64E70014A77E /* SDWebImage */ = {
			isa = XCSwiftPackageProductDependency;
			package = 6ED34F84294F64E70014A77E /* XCRemoteSwiftPackageReference "SDWebImage" */;
			productName = SDWebImage;
		};
		6ED34F87294F64E70014A77E /* SDWebImageMapKit */ = {
			isa = XCSwiftPackageProductDependency;
			package = 6ED34F84294F64E70014A77E /* XCRemoteSwiftPackageReference "SDWebImage" */;
			productName = SDWebImageMapKit;
		};
/* End XCSwiftPackageProductDependency section */
	};
	rootObject = 6E69A09F29437AB70093649F /* Project object */;
}
